
Microsoft Visual Studio Solution File, Format Version 12.00
# Visual Studio 15
VisualStudioVersion = 15.0.27428.1
MinimumVisualStudioVersion = 10.0.40219.1
Project("{FAE04EC0-301F-11D3-BF4B-00C04F79EFBC}") = "ConsoleApp1", "ConsoleApp1\ConsoleApp1.csproj", "{18D8599D-E01D-4EDB-B406-920D3A3A0BF9}"
EndProject
Project("{8BC9CEB8-8B4A-11D0-8D11-00A0C91BC942}") = "Project1", "Project1\Project1.vcxproj", "{D911F4C6-4FFF-45AC-A799-A95EAA2A459D}"
EndProject
Project("{FAE04EC0-301F-11D3-BF4B-00C04F79EFBC}") = "Simplify", "Simplify\Simplify.csproj", "{835B3657-7605-465A-992D-0D4E80077A14}"
EndProject
Global
	GlobalSection(SolutionConfigurationPlatforms) = preSolution
		Debug|Any CPU = Debug|Any CPU
		Debug|x64 = Debug|x64
		Debug|x86 = Debug|x86
		Release|Any CPU = Release|Any CPU
		Release|x64 = Release|x64
		Release|x86 = Release|x86
	EndGlobalSection
	GlobalSection(ProjectConfigurationPlatforms) = postSolution
		{18D8599D-E01D-4EDB-B406-920D3A3A0BF9}.Debug|Any CPU.ActiveCfg = Debug|Any CPU
		{18D8599D-E01D-4EDB-B406-920D3A3A0BF9}.Debug|Any CPU.Build.0 = Debug|Any CPU
		{18D8599D-E01D-4EDB-B406-920D3A3A0BF9}.Debug|x64.ActiveCfg = Debug|Any CPU
		{18D8599D-E01D-4EDB-B406-920D3A3A0BF9}.Debug|x64.Build.0 = Debug|Any CPU
		{18D8599D-E01D-4EDB-B406-920D3A3A0BF9}.Debug|x86.ActiveCfg = Debug|Any CPU
		{18D8599D-E01D-4EDB-B406-920D3A3A0BF9}.Debug|x86.Build.0 = Debug|Any CPU
		{18D8599D-E01D-4EDB-B406-920D3A3A0BF9}.Release|Any CPU.ActiveCfg = Release|Any CPU
		{18D8599D-E01D-4EDB-B406-920D3A3A0BF9}.Release|Any CPU.Build.0 = Release|Any CPU
		{18D8599D-E01D-4EDB-B406-920D3A3A0BF9}.Release|x64.ActiveCfg = Release|x64
		{18D8599D-E01D-4EDB-B406-920D3A3A0BF9}.Release|x64.Build.0 = Release|x64
		{18D8599D-E01D-4EDB-B406-920D3A3A0BF9}.Release|x86.ActiveCfg = Release|Any CPU
		{18D8599D-E01D-4EDB-B406-920D3A3A0BF9}.Release|x86.Build.0 = Release|Any CPU
		{D911F4C6-4FFF-45AC-A799-A95EAA2A459D}.Debug|Any CPU.ActiveCfg = Debug|Win32
		{D911F4C6-4FFF-45AC-A799-A95EAA2A459D}.Debug|x64.ActiveCfg = Debug|x64
		{D911F4C6-4FFF-45AC-A799-A95EAA2A459D}.Debug|x64.Build.0 = Debug|x64
		{D911F4C6-4FFF-45AC-A799-A95EAA2A459D}.Debug|x86.ActiveCfg = Debug|Win32
		{D911F4C6-4FFF-45AC-A799-A95EAA2A459D}.Debug|x86.Build.0 = Debug|Win32
		{D911F4C6-4FFF-45AC-A799-A95EAA2A459D}.Release|Any CPU.ActiveCfg = Release|Win32
		{D911F4C6-4FFF-45AC-A799-A95EAA2A459D}.Release|x64.ActiveCfg = Release|x64
		{D911F4C6-4FFF-45AC-A799-A95EAA2A459D}.Release|x64.Build.0 = Release|x64
		{D911F4C6-4FFF-45AC-A799-A95EAA2A459D}.Release|x86.ActiveCfg = Release|Win32
		{D911F4C6-4FFF-45AC-A799-A95EAA2A459D}.Release|x86.Build.0 = Release|Win32
		{835B3657-7605-465A-992D-0D4E80077A14}.Debug|Any CPU.ActiveCfg = Debug|Any CPU
		{835B3657-7605-465A-992D-0D4E80077A14}.Debug|Any CPU.Build.0 = Debug|Any CPU
		{835B3657-7605-465A-992D-0D4E80077A14}.Debug|x64.ActiveCfg = Debug|Any CPU
		{835B3657-7605-465A-992D-0D4E80077A14}.Debug|x64.Build.0 = Debug|Any CPU
		{835B3657-7605-465A-992D-0D4E80077A14}.Debug|x86.ActiveCfg = Debug|Any CPU
		{835B3657-7605-465A-992D-0D4E80077A14}.Debug|x86.Build.0 = Debug|Any CPU
		{835B3657-7605-465A-992D-0D4E80077A14}.Release|Any CPU.ActiveCfg = Release|Any CPU
		{835B3657-7605-465A-992D-0D4E80077A14}.Release|Any CPU.Build.0 = Release|Any CPU
		{835B3657-7605-465A-992D-0D4E80077A14}.Release|x64.ActiveCfg = Release|x64
		{835B3657-7605-465A-992D-0D4E80077A14}.Release|x64.Build.0 = Release|x64
		{835B3657-7605-465A-992D-0D4E80077A14}.Release|x86.ActiveCfg = Release|Any CPU
		{835B3657-7605-465A-992D-0D4E80077A14}.Release|x86.Build.0 = Release|Any CPU
	EndGlobalSection
	GlobalSection(SolutionProperties) = preSolution
		HideSolutionNode = FALSE
	EndGlobalSection
	GlobalSection(ExtensibilityGlobals) = postSolution
		SolutionGuid = {418E3F39-B6B5-4341-BFD5-E0FB58CED0A7}
	EndGlobalSection
EndGlobal
